{
  "name": "loopycode",
  "version": "1.0.0",
  "lockfileVersion": 3,
  "requires": true,
  "packages": {
    "": {
      "name": "loopycode",
      "version": "1.0.0",
      "license": "ISC",
      "workspaces": [
        "packages/*"
      ],
      "devDependencies": {
        "@types/node": "^25.6.2",
        "typescript": "^6.0.3"
      }
    },
    "node_modules/@rsocket/core": {
      "version": "1.0.0-alpha.3",
      "resolved": "https://registry.npmjs.org/@rsocket/core/-/core-1.0.0-alpha.3.tgz",
      "integrity": "sha512-aBI6gtQZJ6l9IbNyp0flTLDM7FoyFyNIGFALADhgNc9pOcALDvunOclbM+s59A2TazqDb6skAzUUqhgXa4vR5Q==",
      "license": "Apache-2.0"
    },
    "node_modules/@rsocket/tcp-client": {
      "version": "1.0.0-alpha.3",
      "resolved": "https://registry.npmjs.org/@rsocket/tcp-client/-/tcp-client-1.0.0-alpha.3.tgz",
      "integrity": "sha512-nE3b4n3uQM7pzfSs1Gsa4EhUZ6KGvqPTd7XDSH78PGk+cU00/9hKgLExy00Oqkkk+NgRHxvm5gy0jKGUtHA8sw==",
      "license": "Apache-2.0",
      "dependencies": {
        "@rsocket/core": "^1.0.0-alpha.3"
      }
    },
    "node_modules/@types/node": {
      "version": "25.6.2",
      "resolved": "https://registry.npmjs.org/@types/node/-/node-25.6.2.tgz",
      "integrity": "sha512-sokuT28dxf9JT5Kady1fsXOvI4HVpjZa95NKT5y9PNTIrs2AsobR4GFAA90ZG8M+nxVRLysCXsVj6eGC7Vbrlw==",
      "dev": true,
      "license": "MIT",
      "dependencies": {
        "undici-types": "~7.19.0"
      }
    },
    "node_modules/loopycode": {
      "resolved": "packages/client",
      "link": true
    },
    "node_modules/loopycode-server": {
      "resolved": "packages/server",
      "link": true
    },
    "node_modules/typescript": {
      "version": "6.0.3",
      "resolved": "https://registry.npmjs.org/typescript/-/typescript-6.0.3.tgz",
      "integrity": "sha512-y2TvuxSZPDyQakkFRPZHKFm+KKVqIisdg9/CZwm9ftvKXLP8NRWj38/ODjNbr43SsoXqNuAisEf1GdCxqWcdBw==",
      "dev": true,
      "license": "Apache-2.0",
      "bin": {
        "tsc": "bin/tsc",
        "tsserver": "bin/tsserver"
      },
      "engines": {
        "node": ">=14.17"
      }
    },
    "node_modules/undici-types": {
      "version": "7.19.2",
      "resolved": "https://registry.npmjs.org/undici-types/-/undici-types-7.19.2.tgz",
      "integrity": "sha512-qYVnV5OEm2AW8cJMCpdV20CDyaN3g0AjDlOGf1OW4iaDEx8MwdtChUp4zu4H0VP3nDRF/8RKWH+IPp9uW0YGZg==",
      "dev": true,
      "license": "MIT"
    },
    "packages/client": {
      "name": "loopycode",
      "version": "0.1.0",
      "license": "Apache-2.0",
      "dependencies": {
        "@rsocket/core": "1.0.0-alpha.3",
        "@rsocket/tcp-client": "1.0.0-alpha.3"
      },
      "bin": {
        "loopy": "dist/index.js"
      }
    },
    "packages/server": {
      "name": "loopycode-server",
      "version": "1.0.0",
      "license": "ISC",
      "bin": {
        "loopy-server": "src/index.ts"
      }
    }
  }
}
